
Microsoft Visual Studio Solution File, Format Version 12.00
# Visual Studio 2013
VisualStudioVersion = 12.0.30723.0
MinimumVisualStudioVersion = 10.0.40219.1
Project("{FAE04EC0-301F-11D3-BF4B-00C04F79EFBC}") = "OneBusAway.WP7.View", "OneBusAway\OneBusAway.WP7.View.csproj", "{2A2050FF-53A2-49A6-9278-DA05E0060CE9}"
EndProject
Project("{FAE04EC0-301F-11D3-BF4B-00C04F79EFBC}") = "OneBusAway.WP7.Model", "OneBusAway.WP7.Model\OneBusAway.WP7.Model.csproj", "{B74CFFBA-CCE9-4F9F-91A2-772708E18479}"
EndProject
Project("{FAE04EC0-301F-11D3-BF4B-00C04F79EFBC}") = "OneBusAway.WP7.ViewModel", "OneBusAway.WP7.ViewModel\OneBusAway.WP7.ViewModel.csproj", "{D6F263F1-4036-4685-B5B3-79ECC3618FD7}"
EndProject
Project("{FAE04EC0-301F-11D3-BF4B-00C04F79EFBC}") = "OneBusAway.WP7.Test", "OneBusAway.WP7.Test\OneBusAway.WP7.Test.csproj", "{A8C8631F-2535-495C-AE91-92850BE3BF0B}"
EndProject
Global
	GlobalSection(SolutionConfigurationPlatforms) = preSolution
		Debug|Any CPU = Debug|Any CPU
		Debug|ARM = Debug|ARM
		Debug|x86 = Debug|x86
		Release_ScreenShot|Any CPU = Release_ScreenShot|Any CPU
		Release_ScreenShot|ARM = Release_ScreenShot|ARM
		Release_ScreenShot|x86 = Release_ScreenShot|x86
		Release|Any CPU = Release|Any CPU
		Release|ARM = Release|ARM
		Release|x86 = Release|x86
	EndGlobalSection
	GlobalSection(ProjectConfigurationPlatforms) = postSolution
		{2A2050FF-53A2-49A6-9278-DA05E0060CE9}.Debug|Any CPU.ActiveCfg = Debug|Any CPU
		{2A2050FF-53A2-49A6-9278-DA05E0060CE9}.Debug|Any CPU.Build.0 = Debug|Any CPU
		{2A2050FF-53A2-49A6-9278-DA05E0060CE9}.Debug|Any CPU.Deploy.0 = Debug|Any CPU
		{2A2050FF-53A2-49A6-9278-DA05E0060CE9}.Debug|ARM.ActiveCfg = Debug|ARM
		{2A2050FF-53A2-49A6-9278-DA05E0060CE9}.Debug|ARM.Build.0 = Debug|ARM
		{2A2050FF-53A2-49A6-9278-DA05E0060CE9}.Debug|ARM.Deploy.0 = Debug|ARM
		{2A2050FF-53A2-49A6-9278-DA05E0060CE9}.Debug|x86.ActiveCfg = Debug|x86
		{2A2050FF-53A2-49A6-9278-DA05E0060CE9}.Debug|x86.Build.0 = Debug|x86
		{2A2050FF-53A2-49A6-9278-DA05E0060CE9}.Debug|x86.Deploy.0 = Debug|x86
		{2A2050FF-53A2-49A6-9278-DA05E0060CE9}.Release_ScreenShot|Any CPU.ActiveCfg = Release_ScreenShot|Any CPU
		{2A2050FF-53A2-49A6-9278-DA05E0060CE9}.Release_ScreenShot|Any CPU.Build.0 = Release_ScreenShot|Any CPU
		{2A2050FF-53A2-49A6-9278-DA05E0060CE9}.Release_ScreenShot|Any CPU.Deploy.0 = Release_ScreenShot|Any CPU
		{2A2050FF-53A2-49A6-9278-DA05E0060CE9}.Release_ScreenShot|ARM.ActiveCfg = Release_ScreenShot|ARM
		{2A2050FF-53A2-49A6-9278-DA05E0060CE9}.Release_ScreenShot|ARM.Build.0 = Release_ScreenShot|ARM
		{2A2050FF-53A2-49A6-9278-DA05E0060CE9}.Release_ScreenShot|ARM.Deploy.0 = Release_ScreenShot|ARM
		{2A2050FF-53A2-49A6-9278-DA05E0060CE9}.Release_ScreenShot|x86.ActiveCfg = Release_ScreenShot|x86
		{2A2050FF-53A2-49A6-9278-DA05E0060CE9}.Release_ScreenShot|x86.Build.0 = Release_ScreenShot|x86
		{2A2050FF-53A2-49A6-9278-DA05E0060CE9}.Release_ScreenShot|x86.Deploy.0 = Release_ScreenShot|x86
		{2A2050FF-53A2-49A6-9278-DA05E0060CE9}.Release|Any CPU.ActiveCfg = Release|Any CPU
		{2A2050FF-53A2-49A6-9278-DA05E0060CE9}.Release|Any CPU.Build.0 = Release|Any CPU
		{2A2050FF-53A2-49A6-9278-DA05E0060CE9}.Release|Any CPU.Deploy.0 = Release|Any CPU
		{2A2050FF-53A2-49A6-9278-DA05E0060CE9}.Release|ARM.ActiveCfg = Release|ARM
		{2A2050FF-53A2-49A6-9278-DA05E0060CE9}.Release|ARM.Build.0 = Release|ARM
		{2A2050FF-53A2-49A6-9278-DA05E0060CE9}.Release|ARM.Deploy.0 = Release|ARM
		{2A2050FF-53A2-49A6-9278-DA05E0060CE9}.Release|x86.ActiveCfg = Release|x86
		{2A2050FF-53A2-49A6-9278-DA05E0060CE9}.Release|x86.Build.0 = Release|x86
		{2A2050FF-53A2-49A6-9278-DA05E0060CE9}.Release|x86.Deploy.0 = Release|x86
		{B74CFFBA-CCE9-4F9F-91A2-772708E18479}.Debug|Any CPU.ActiveCfg = Debug|Any CPU
		{B74CFFBA-CCE9-4F9F-91A2-772708E18479}.Debug|Any CPU.Build.0 = Debug|Any CPU
		{B74CFFBA-CCE9-4F9F-91A2-772708E18479}.Debug|ARM.ActiveCfg = Debug|ARM
		{B74CFFBA-CCE9-4F9F-91A2-772708E18479}.Debug|ARM.Build.0 = Debug|ARM
		{B74CFFBA-CCE9-4F9F-91A2-772708E18479}.Debug|x86.ActiveCfg = Debug|x86
		{B74CFFBA-CCE9-4F9F-91A2-772708E18479}.Debug|x86.Build.0 = Debug|x86
		{B74CFFBA-CCE9-4F9F-91A2-772708E18479}.Release_ScreenShot|Any CPU.ActiveCfg = Release_ScreenShot|Any CPU
		{B74CFFBA-CCE9-4F9F-91A2-772708E18479}.Release_ScreenShot|Any CPU.Build.0 = Release_ScreenShot|Any CPU
		{B74CFFBA-CCE9-4F9F-91A2-772708E18479}.Release_ScreenShot|ARM.ActiveCfg = Release_ScreenShot|ARM
		{B74CFFBA-CCE9-4F9F-91A2-772708E18479}.Release_ScreenShot|ARM.Build.0 = Release_ScreenShot|ARM
		{B74CFFBA-CCE9-4F9F-91A2-772708E18479}.Release_ScreenShot|x86.ActiveCfg = Release_ScreenShot|x86
		{B74CFFBA-CCE9-4F9F-91A2-772708E18479}.Release_ScreenShot|x86.Build.0 = Release_ScreenShot|x86
		{B74CFFBA-CCE9-4F9F-91A2-772708E18479}.Release|Any CPU.ActiveCfg = Release|Any CPU
		{B74CFFBA-CCE9-4F9F-91A2-772708E18479}.Release|Any CPU.Build.0 = Release|Any CPU
		{B74CFFBA-CCE9-4F9F-91A2-772708E18479}.Release|ARM.ActiveCfg = Release|ARM
		{B74CFFBA-CCE9-4F9F-91A2-772708E18479}.Release|ARM.Build.0 = Release|ARM
		{B74CFFBA-CCE9-4F9F-91A2-772708E18479}.Release|x86.ActiveCfg = Release|x86
		{B74CFFBA-CCE9-4F9F-91A2-772708E18479}.Release|x86.Build.0 = Release|x86
		{D6F263F1-4036-4685-B5B3-79ECC3618FD7}.Debug|Any CPU.ActiveCfg = Debug|Any CPU
		{D6F263F1-4036-4685-B5B3-79ECC3618FD7}.Debug|Any CPU.Build.0 = Debug|Any CPU
		{D6F263F1-4036-4685-B5B3-79ECC3618FD7}.Debug|ARM.ActiveCfg = Debug|ARM
		{D6F263F1-4036-4685-B5B3-79ECC3618FD7}.Debug|ARM.Build.0 = Debug|ARM
		{D6F263F1-4036-4685-B5B3-79ECC3618FD7}.Debug|x86.ActiveCfg = Debug|x86
		{D6F263F1-4036-4685-B5B3-79ECC3618FD7}.Debug|x86.Build.0 = Debug|x86
		{D6F263F1-4036-4685-B5B3-79ECC3618FD7}.Release_ScreenShot|Any CPU.ActiveCfg = Release_ScreenShot|Any CPU
		{D6F263F1-4036-4685-B5B3-79ECC3618FD7}.Release_ScreenShot|Any CPU.Build.0 = Release_ScreenShot|Any CPU
		{D6F263F1-4036-4685-B5B3-79ECC3618FD7}.Release_ScreenShot|ARM.ActiveCfg = Release_ScreenShot|ARM
		{D6F263F1-4036-4685-B5B3-79ECC3618FD7}.Release_ScreenShot|ARM.Build.0 = Release_ScreenShot|ARM
		{D6F263F1-4036-4685-B5B3-79ECC3618FD7}.Release_ScreenShot|x86.ActiveCfg = Release_ScreenShot|x86
		{D6F263F1-4036-4685-B5B3-79ECC3618FD7}.Release_ScreenShot|x86.Build.0 = Release_ScreenShot|x86
		{D6F263F1-4036-4685-B5B3-79ECC3618FD7}.Release|Any CPU.ActiveCfg = Release|Any CPU
		{D6F263F1-4036-4685-B5B3-79ECC3618FD7}.Release|Any CPU.Build.0 = Release|Any CPU
		{D6F263F1-4036-4685-B5B3-79ECC3618FD7}.Release|ARM.ActiveCfg = Release|ARM
		{D6F263F1-4036-4685-B5B3-79ECC3618FD7}.Release|ARM.Build.0 = Release|ARM
		{D6F263F1-4036-4685-B5B3-79ECC3618FD7}.Release|x86.ActiveCfg = Release|x86
		{D6F263F1-4036-4685-B5B3-79ECC3618FD7}.Release|x86.Build.0 = Release|x86
		{A8C8631F-2535-495C-AE91-92850BE3BF0B}.Debug|Any CPU.ActiveCfg = Debug|Any CPU
		{A8C8631F-2535-495C-AE91-92850BE3BF0B}.Debug|Any CPU.Build.0 = Debug|Any CPU
		{A8C8631F-2535-495C-AE91-92850BE3BF0B}.Debug|Any CPU.Deploy.0 = Debug|Any CPU
		{A8C8631F-2535-495C-AE91-92850BE3BF0B}.Debug|ARM.ActiveCfg = Debug|ARM
		{A8C8631F-2535-495C-AE91-92850BE3BF0B}.Debug|ARM.Build.0 = Debug|ARM
		{A8C8631F-2535-495C-AE91-92850BE3BF0B}.Debug|ARM.Deploy.0 = Debug|ARM
		{A8C8631F-2535-495C-AE91-92850BE3BF0B}.Debug|x86.ActiveCfg = Debug|x86
		{A8C8631F-2535-495C-AE91-92850BE3BF0B}.Debug|x86.Build.0 = Debug|x86
		{A8C8631F-2535-495C-AE91-92850BE3BF0B}.Debug|x86.Deploy.0 = Debug|x86
		{A8C8631F-2535-495C-AE91-92850BE3BF0B}.Release_ScreenShot|Any CPU.ActiveCfg = Release_ScreenShot|Any CPU
		{A8C8631F-2535-495C-AE91-92850BE3BF0B}.Release_ScreenShot|Any CPU.Build.0 = Release_ScreenShot|Any CPU
		{A8C8631F-2535-495C-AE91-92850BE3BF0B}.Release_ScreenShot|Any CPU.Deploy.0 = Release_ScreenShot|Any CPU
		{A8C8631F-2535-495C-AE91-92850BE3BF0B}.Release_ScreenShot|ARM.ActiveCfg = Release_ScreenShot|ARM
		{A8C8631F-2535-495C-AE91-92850BE3BF0B}.Release_ScreenShot|ARM.Build.0 = Release_ScreenShot|ARM
		{A8C8631F-2535-495C-AE91-92850BE3BF0B}.Release_ScreenShot|ARM.Deploy.0 = Release_ScreenShot|ARM
		{A8C8631F-2535-495C-AE91-92850BE3BF0B}.Release_ScreenShot|x86.ActiveCfg = Release_ScreenShot|x86
		{A8C8631F-2535-495C-AE91-92850BE3BF0B}.Release_ScreenShot|x86.Build.0 = Release_ScreenShot|x86
		{A8C8631F-2535-495C-AE91-92850BE3BF0B}.Release_ScreenShot|x86.Deploy.0 = Release_ScreenShot|x86
		{A8C8631F-2535-495C-AE91-92850BE3BF0B}.Release|Any CPU.ActiveCfg = Release|Any CPU
		{A8C8631F-2535-495C-AE91-92850BE3BF0B}.Release|Any CPU.Build.0 = Release|Any CPU
		{A8C8631F-2535-495C-AE91-92850BE3BF0B}.Release|Any CPU.Deploy.0 = Release|Any CPU
		{A8C8631F-2535-495C-AE91-92850BE3BF0B}.Release|ARM.ActiveCfg = Release|ARM
		{A8C8631F-2535-495C-AE91-92850BE3BF0B}.Release|ARM.Build.0 = Release|ARM
		{A8C8631F-2535-495C-AE91-92850BE3BF0B}.Release|ARM.Deploy.0 = Release|ARM
		{A8C8631F-2535-495C-AE91-92850BE3BF0B}.Release|x86.ActiveCfg = Release|x86
		{A8C8631F-2535-495C-AE91-92850BE3BF0B}.Release|x86.Build.0 = Release|x86
		{A8C8631F-2535-495C-AE91-92850BE3BF0B}.Release|x86.Deploy.0 = Release|x86
	EndGlobalSection
	GlobalSection(SolutionProperties) = preSolution
		HideSolutionNode = FALSE
	EndGlobalSection
EndGlobal
